github.com/wrvthlss/education/learning-go/ch10/my_workspace/workspace_lib v0.0.0-20240517114820-192bb4dd09af h1:ghV8N831RzK7fz0LJCdDAYsDm7jQT6v+Qd7xMLG49rI=
github.com/wrvthlss/education/learning-go/ch10/my_workspace/workspace_lib v0.0.0-20240517114820-192bb4dd09af/go.mod h1:I2DCYtEeLuQE5DPJdEnCIs6VJp6LxXYytcqQoL7ULaE=
